{
  "name": "moms-library",
  "version": "0.0.1",
  "lockfileVersion": 1,
  "requires": true,
  "dependencies": {
    "getconfig": {
      "version": "4.4.1",
      "resolved": "https://registry.npmjs.org/getconfig/-/getconfig-4.4.1.tgz",
      "integrity": "sha512-W4QiPAtzluUXjFncosz5Vs2nHIA9HgO1wJ6RhHR9EmrlEDQ8UOvXQtV0Vye/JOxds4Lcugjkb8YArBIf7O5ldA=="
    }
  }
}
